// !$*UTF8*$!
{
	archiveVersion = 1;
	classes = {
	};
	objectVersion = 50;
	objects = {

/* Begin PBXBuildFile section */
		C078CAAB26EE55EC0021CE6B /* AppDelegate.swift in Sources */ = {isa = PBXBuildFile; fileRef = C078CAAA26EE55EC0021CE6B /* AppDelegate.swift */; };
		C078CAAD26EE55EC0021CE6B /* SceneDelegate.swift in Sources */ = {isa = PBXBuildFile; fileRef = C078CAAC26EE55EC0021CE6B /* SceneDelegate.swift */; };
		C078CAAF26EE55EC0021CE6B /* ViewController.swift in Sources */ = {isa = PBXBuildFile; fileRef = C078CAAE26EE55EC0021CE6B /* ViewController.swift */; };
		C078CAB426EE55ED0021CE6B /* Assets.xcassets in Resources */ = {isa = PBXBuildFile; fileRef = C078CAB326EE55ED0021CE6B /* Assets.xcassets */; };
		C078CAB726EE55ED0021CE6B /* LaunchScreen.storyboard in Resources */ = {isa = PBXBuildFile; fileRef = C078CAB526EE55ED0021CE6B /* LaunchScreen.storyboard */; };
		C078CABF26EE57390021CE6B /* Color.swift in Sources */ = {isa = PBXBuildFile; fileRef = C078CABE26EE57390021CE6B /* Color.swift */; };
		C08378DE26EEE41600857C00 /* ColorCollectionViewCell.swift in Sources */ = {isa = PBXBuildFile; fileRef = C08378DD26EEE41600857C00 /* ColorCollectionViewCell.swift */; };
		C0C0793F26EFAFCA00EC9819 /* HeaderCollectionReusableView.swift in Sources */ = {isa = PBXBuildFile; fileRef = C0C0793E26EFAFCA00EC9819 /* HeaderCollectionReusableView.swift */; };
/* End PBXBuildFile section */

/* Begin PBXFileReference section */
		C078CAA726EE55EC0021CE6B /* viewCode-CollectionView.app */ = {isa = PBXFileReference; explicitFileType = wrapper.application; includeInIndex = 0; path = "viewCode-CollectionView.app"; sourceTree = BUILT_PRODUCTS_DIR; };
		C078CAAA26EE55EC0021CE6B /* AppDelegate.swift */ = {isa = PBXFileReference; lastKnownFileType = sourcecode.swift; path = AppDelegate.swift; sourceTree = "<group>"; };
		C078CAAC26EE55EC0021CE6B /* SceneDelegate.swift */ = {isa = PBXFileReference; lastKnownFileType = sourcecode.swift; path = SceneDelegate.swift; sourceTree = "<group>"; };
		C078CAAE26EE55EC0021CE6B /* ViewController.swift */ = {isa = PBXFileReference; lastKnownFileType = sourcecode.swift; path = ViewController.swift; sourceTree = "<group>"; };
		C078CAB326EE55ED0021CE6B /* Assets.xcassets */ = {isa = PBXFileReference; lastKnownFileType = folder.assetcatalog; path = Assets.xcassets; sourceTree = "<group>"; };
		C078CAB626EE55ED0021CE6B /* Base */ = {isa = PBXFileReference; lastKnownFileType = file.storyboard; name = Base; path = Base.lproj/LaunchScreen.storyboard; sourceTree = "<group>"; };
		C078CAB826EE55ED0021CE6B /* Info.plist */ = {isa = PBXFileReference; lastKnownFileType = text.plist.xml; path = Info.plist; sourceTree = "<group>"; };
		C078CABE26EE57390021CE6B /* Color.swift */ = {isa = PBXFileReference; lastKnownFileType = sourcecode.swift; path = Color.swift; sourceTree = "<group>"; };
		C08378DD26EEE41600857C00 /* ColorCollectionViewCell.swift */ = {isa = PBXFileReference; lastKnownFileType = sourcecode.swift; path = ColorCollectionViewCell.swift; sourceTree = "<group>"; };
		C0C0793E26EFAFCA00EC9819 /* HeaderCollectionReusableView.swift */ = {isa = PBXFileReference; lastKnownFileType = sourcecode.swift; path = HeaderCollectionReusableView.swift; sourceTree = "<group>"; };
/* End PBXFileReference section */

/* Begin PBXFrameworksBuildPhase section */
		C078CAA426EE55EC0021CE6B /* Frameworks */ = {
			isa = PBXFrameworksBuildPhase;
			buildActionMask = 2147483647;
			files = (
			);
			runOnlyForDeploymentPostprocessing = 0;
		};
/* End PBXFrameworksBuildPhase section */

/* Begin PBXGroup section */
		C078CA9E26EE55EC0021CE6B = {
			isa = PBXGroup;
			children = (
				C078CAA926EE55EC0021CE6B /* viewCode-CollectionView */,
				C078CAA826EE55EC0021CE6B /* Products */,
			);
			sourceTree = "<group>";
		};
		C078CAA826EE55EC0021CE6B /* Products */ = {
			isa = PBXGroup;
			children = (
				C078CAA726EE55EC0021CE6B /* viewCode-CollectionView.app */,
			);
			name = Products;
			sourceTree = "<group>";
		};
		C078CAA926EE55EC0021CE6B /* viewCode-CollectionView */ = {
			isa = PBXGroup;
			children = (
				C078CAAA26EE55EC0021CE6B /* AppDelegate.swift */,
				C078CAAC26EE55EC0021CE6B /* SceneDelegate.swift */,
				C078CABE26EE57390021CE6B /* Color.swift */,
				C08378DD26EEE41600857C00 /* ColorCollectionViewCell.swift */,
				C078CAAE26EE55EC0021CE6B /* ViewController.swift */,
				C0C0793E26EFAFCA00EC9819 /* HeaderCollectionReusableView.swift */,
				C078CAB326EE55ED0021CE6B /* Assets.xcassets */,
				C078CAB526EE55ED0021CE6B /* LaunchScreen.storyboard */,
				C078CAB826EE55ED0021CE6B /* Info.plist */,
			);
			path = "viewCode-CollectionView";
			sourceTree = "<group>";
		};
/* End PBXGroup section */

/* Begin PBXNativeTarget section */
		C078CAA626EE55EC0021CE6B /* viewCode-CollectionView */ = {
			isa = PBXNativeTarget;
			buildConfigurationList = C078CABB26EE55ED0021CE6B /* Build configuration list for PBXNativeTarget "viewCode-CollectionView" */;
			buildPhases = (
				C078CAA326EE55EC0021CE6B /* Sources */,
				C078CAA426EE55EC0021CE6B /* Frameworks */,
				C078CAA526EE55EC0021CE6B /* Resources */,
			);
			buildRules = (
			);
			dependencies = (
			);
			name = "viewCode-CollectionView";
			productName = "viewCode-CollectionView";
			productReference = C078CAA726EE55EC0021CE6B /* viewCode-CollectionView.app */;
			productType = "com.apple.product-type.application";
		};
/* End PBXNativeTarget section */

/* Begin PBXProject section */
		C078CA9F26EE55EC0021CE6B /* Project object */ = {
			isa = PBXProject;
			attributes = {
				LastSwiftUpdateCheck = 1250;
				LastUpgradeCheck = 1250;
				TargetAttributes = {
					C078CAA626EE55EC0021CE6B = {
						CreatedOnToolsVersion = 12.5.1;
					};
				};
			};
			buildConfigurationList = C078CAA226EE55EC0021CE6B /* Build configuration list for PBXProject "viewCode-CollectionView" */;
			compatibilityVersion = "Xcode 9.3";
			developmentRegion = en;
			hasScannedForEncodings = 0;
			knownRegions = (
				en,
				Base,
			);
			mainGroup = C078CA9E26EE55EC0021CE6B;
			productRefGroup = C078CAA826EE55EC0021CE6B /* Products */;
			projectDirPath = "";
			projectRoot = "";
			targets = (
				C078CAA626EE55EC0021CE6B /* viewCode-CollectionView */,
			);
		};
/* End PBXProject section */

/* Begin PBXResourcesBuildPhase section */
		C078CAA526EE55EC0021CE6B /* Resources */ = {
			isa = PBXResourcesBuildPhase;
			buildActionMask = 2147483647;
			files = (
				C078CAB726EE55ED0021CE6B /* LaunchScreen.storyboard in Resources */,
				C078CAB426EE55ED0021CE6B /* Assets.xcassets in Resources */,
			);
			runOnlyForDeploymentPostprocessing = 0;
		};
/* End PBXResourcesBuildPhase section */

/* Begin PBXSourcesBuildPhase section */
		C078CAA326EE55EC0021CE6B /* Sources */ = {
			isa = PBXSourcesBuildPhase;
			buildActionMask = 2147483647;
			files = (
				C08378DE26EEE41600857C00 /* ColorCollectionViewCell.swift in Sources */,
				C078CAAF26EE55EC0021CE6B /* ViewController.swift in Sources */,
				C078CABF26EE57390021CE6B /* Color.swift in Sources */,
				C078CAAB26EE55EC0021CE6B /* AppDelegate.swift in Sources */,
				C0C0793F26EFAFCA00EC9819 /* HeaderCollectionReusableView.swift in Sources */,
				C078CAAD26EE55EC0021CE6B /* SceneDelegate.swift in Sources */,
			);
			runOnlyForDeploymentPostprocessing = 0;
		};
/* End PBXSourcesBuildPhase section */

/* Begin PBXVariantGroup section */
		C078CAB526EE55ED0021CE6B /* LaunchScreen.storyboard */ = {
			isa = PBXVariantGroup;
			children = (
				C078CAB626EE55ED0021CE6B /* Base */,
			);
			name = LaunchScreen.storyboard;
			sourceTree = "<group>";
		};
/* End PBXVariantGroup section */

/* Begin XCBuildConfiguration section */
		C078CAB926EE55ED0021CE6B /* Debug */ = {
			isa = XCBuildConfiguration;
			buildSettings = {
				ALWAYS_SEARCH_USER_PATHS = NO;
				CLANG_ANALYZER_NONNULL = YES;
				CLANG_ANALYZER_NUMBER_OBJECT_CONVERSION = YES_AGGRESSIVE;
				CLANG_CXX_LANGUAGE_STANDARD = "gnu++14";
				CLANG_CXX_LIBRARY = "libc++";
				CLANG_ENABLE_MODULES = YES;
				CLANG_ENABLE_OBJC_ARC = YES;
				CLANG_ENABLE_OBJC_WEAK = YES;
				CLANG_WARN_BLOCK_CAPTURE_AUTORELEASING = YES;
				CLANG_WARN_BOOL_CONVERSION = YES;
				CLANG_WARN_COMMA = YES;
				CLANG_WARN_CONSTANT_CONVERSION = YES;
				CLANG_WARN_DEPRECATED_OBJC_IMPLEMENTATIONS = YES;
				CLANG_WARN_DIRECT_OBJC_ISA_USAGE = YES_ERROR;
				CLANG_WARN_DOCUMENTATION_COMMENTS = YES;
				CLANG_WARN_EMPTY_BODY = YES;
				CLANG_WARN_ENUM_CONVERSION = YES;
				CLANG_WARN_INFINITE_RECURSION = YES;
				CLANG_WARN_INT_CONVERSION = YES;
				CLANG_WARN_NON_LITERAL_NULL_CONVERSION = YES;
				CLANG_WARN_OBJC_IMPLICIT_RETAIN_SELF = YES;
				CLANG_WARN_OBJC_LITERAL_CONVERSION = YES;
				CLANG_WARN_OBJC_ROOT_CLASS = YES_ERROR;
				CLANG_WARN_QUOTED_INCLUDE_IN_FRAMEWORK_HEADER = YES;
				CLANG_WARN_RANGE_LOOP_ANALYSIS = YES;
				CLANG_WARN_STRICT_PROTOTYPES = YES;
				CLANG_WARN_SUSPICIOUS_MOVE = YES;
				CLANG_WARN_UNGUARDED_AVAILABILITY = YES_AGGRESSIVE;
				CLANG_WARN_UNREACHABLE_CODE = YES;
				CLANG_WARN__DUPLICATE_METHOD_MATCH = YES;
				COPY_PHASE_STRIP = NO;
				DEBUG_INFORMATION_FORMAT = dwarf;
				ENABLE_STRICT_OBJC_MSGSEND = YES;
				ENABLE_TESTABILITY = YES;
				GCC_C_LANGUAGE_STANDARD = gnu11;
				GCC_DYNAMIC_NO_PIC = NO;
				GCC_NO_COMMON_BLOCKS = YES;
				GCC_OPTIMIZATION_LEVEL = 0;
				GCC_PREPROCESSOR_DEFINITIONS = (
					"DEBUG=1",
					"$(inherited)",
				);
				GCC_WARN_64_TO_32_BIT_CONVERSION = YES;
				GCC_WARN_ABOUT_RETURN_TYPE = YES_ERROR;
				GCC_WARN_UNDECLARED_SELECTOR = YES;
				GCC_WARN_UNINITIALIZED_AUTOS = YES_AGGRESSIVE;
				GCC_WARN_UNUSED_FUNCTION = YES;
				GCC_WARN_UNUSED_VARIABLE = YES;
				IPHONEOS_DEPLOYMENT_TARGET = 14.5;
				MTL_ENABLE_DEBUG_INFO = INCLUDE_SOURCE;
				MTL_FAST_MATH = YES;
				ONLY_ACTIVE_ARCH = YES;
				SDKROOT = iphoneos;
				SWIFT_ACTIVE_COMPILATION_CONDITIONS = DEBUG;
				SWIFT_OPTIMIZATION_LEVEL = "-Onone";
			};
			name = Debug;
		};
		C078CABA26EE55ED0021CE6B /* Release */ = {
			isa = XCBuildConfiguration;
			buildSettings = {
				ALWAYS_SEARCH_USER_PATHS = NO;
				CLANG_ANALYZER_NONNULL = YES;
				CLANG_ANALYZER_NUMBER_OBJECT_CONVERSION = YES_AGGRESSIVE;
				CLANG_CXX_LANGUAGE_STANDARD = "gnu++14";
				CLANG_CXX_LIBRARY = "libc++";
				CLANG_ENABLE_MODULES = YES;
				CLANG_ENABLE_OBJC_ARC = YES;
				CLANG_ENABLE_OBJC_WEAK = YES;
				CLANG_WARN_BLOCK_CAPTURE_AUTORELEASING = YES;
				CLANG_WARN_BOOL_CONVERSION = YES;
				CLANG_WARN_COMMA = YES;
				CLANG_WARN_CONSTANT_CONVERSION = YES;
				CLANG_WARN_DEPRECATED_OBJC_IMPLEMENTATIONS = YES;
				CLANG_WARN_DIRECT_OBJC_ISA_USAGE = YES_ERROR;
				CLANG_WARN_DOCUMENTATION_COMMENTS = YES;
				CLANG_WARN_EMPTY_BODY = YES;
				CLANG_WARN_ENUM_CONVERSION = YES;
				CLANG_WARN_INFINITE_RECURSION = YES;
				CLANG_WARN_INT_CONVERSION = YES;
				CLANG_WARN_NON_LITERAL_NULL_CONVERSION = YES;
				CLANG_WARN_OBJC_IMPLICIT_RETAIN_SELF = YES;
				CLANG_WARN_OBJC_LITERAL_CONVERSION = YES;
				CLANG_WARN_OBJC_ROOT_CLASS = YES_ERROR;
				CLANG_WARN_QUOTED_INCLUDE_IN_FRAMEWORK_HEADER = YES;
				CLANG_WARN_RANGE_LOOP_ANALYSIS = YES;
				CLANG_WARN_STRICT_PROTOTYPES = YES;
				CLANG_WARN_SUSPICIOUS_MOVE = YES;
				CLANG_WARN_UNGUARDED_AVAILABILITY = YES_AGGRESSIVE;
				CLANG_WARN_UNREACHABLE_CODE = YES;
				CLANG_WARN__DUPLICATE_METHOD_MATCH = YES;
				COPY_PHASE_STRIP = NO;
				DEBUG_INFORMATION_FORMAT = "dwarf-with-dsym";
				ENABLE_NS_ASSERTIONS = NO;
				ENABLE_STRICT_OBJC_MSGSEND = YES;
				GCC_C_LANGUAGE_STANDARD = gnu11;
				GCC_NO_COMMON_BLOCKS = YES;
				GCC_WARN_64_TO_32_BIT_CONVERSION = YES;
				GCC_WARN_ABOUT_RETURN_TYPE = YES_ERROR;
				GCC_WARN_UNDECLARED_SELECTOR = YES;
				GCC_WARN_UNINITIALIZED_AUTOS = YES_AGGRESSIVE;
				GCC_WARN_UNUSED_FUNCTION = YES;
				GCC_WARN_UNUSED_VARIABLE = YES;
				IPHONEOS_DEPLOYMENT_TARGET = 14.5;
				MTL_ENABLE_DEBUG_INFO = NO;
				MTL_FAST_MATH = YES;
				SDKROOT = iphoneos;
				SWIFT_COMPILATION_MODE = wholemodule;
				SWIFT_OPTIMIZATION_LEVEL = "-O";
				VALIDATE_PRODUCT = YES;
			};
			name = Release;
		};
		C078CABC26EE55ED0021CE6B /* Debug */ = {
			isa = XCBuildConfiguration;
			buildSettings = {
				ASSETCATALOG_COMPILER_APPICON_NAME = AppIcon;
				ASSETCATALOG_COMPILER_GLOBAL_ACCENT_COLOR_NAME = AccentColor;
				CODE_SIGN_STYLE = Automatic;
				DEVELOPMENT_TEAM = BM4YFXN4AH;
				INFOPLIST_FILE = "viewCode-CollectionView/Info.plist";
				LD_RUNPATH_SEARCH_PATHS = (
					"$(inherited)",
					"@executable_path/Frameworks",
				);
				PRODUCT_BUNDLE_IDENTIFIER = "gabriel-nicol.viewCode-CollectionView";
				PRODUCT_NAME = "$(TARGET_NAME)";
				SWIFT_VERSION = 5.0;
				TARGETED_DEVICE_FAMILY = "1,2";
			};
			name = Debug;
		};
		C078CABD26EE55ED0021CE6B /* Release */ = {
			isa = XCBuildConfiguration;
			buildSettings = {
				ASSETCATALOG_COMPILER_APPICON_NAME = AppIcon;
				ASSETCATALOG_COMPILER_GLOBAL_ACCENT_COLOR_NAME = AccentColor;
				CODE_SIGN_STYLE = Automatic;
				DEVELOPMENT_TEAM = BM4YFXN4AH;
				INFOPLIST_FILE = "viewCode-CollectionView/Info.plist";
				LD_RUNPATH_SEARCH_PATHS = (
					"$(inherited)",
					"@executable_path/Frameworks",
				);
				PRODUCT_BUNDLE_IDENTIFIER = "gabriel-nicol.viewCode-CollectionView";
				PRODUCT_NAME = "$(TARGET_NAME)";
				SWIFT_VERSION = 5.0;
				TARGETED_DEVICE_FAMILY = "1,2";
			};
			name = Release;
		};
/* End XCBuildConfiguration section */

/* Begin XCConfigurationList section */
		C078CAA226EE55EC0021CE6B /* Build configuration list for PBXProject "viewCode-CollectionView" */ = {
			isa = XCConfigurationList;
			buildConfigurations = (
				C078CAB926EE55ED0021CE6B /* Debug */,
				C078CABA26EE55ED0021CE6B /* Release */,
			);
			defaultConfigurationIsVisible = 0;
			defaultConfigurationName = Release;
		};
		C078CABB26EE55ED0021CE6B /* Build configuration list for PBXNativeTarget "viewCode-CollectionView" */ = {
			isa = XCConfigurationList;
			buildConfigurations = (
				C078CABC26EE55ED0021CE6B /* Debug */,
				C078CABD26EE55ED0021CE6B /* Release */,
			);
			defaultConfigurationIsVisible = 0;
			defaultConfigurationName = Release;
		};
/* End XCConfigurationList section */
	};
	rootObject = C078CA9F26EE55EC0021CE6B /* Project object */;
}
